
Microsoft Visual Studio Solution File, Format Version 12.00
# Visual Studio Version 17
VisualStudioVersion = 17.9.34902.65
MinimumVisualStudioVersion = 10.0.40219.1
Project("{FAE04EC0-301F-11D3-BF4B-00C04F79EFBC}") = "Auth_JWT", "Auth_JWT\Auth_JWT.csproj", "{D6F5C2CC-CC76-4B43-A155-9A71C61946F4}"
EndProject
Global
	GlobalSection(SolutionConfigurationPlatforms) = preSolution
		Debug|Any CPU = Debug|Any CPU
		Release|Any CPU = Release|Any CPU
	EndGlobalSection
	GlobalSection(ProjectConfigurationPlatforms) = postSolution
		{D6F5C2CC-CC76-4B43-A155-9A71C61946F4}.Debug|Any CPU.ActiveCfg = Debug|Any CPU
		{D6F5C2CC-CC76-4B43-A155-9A71C61946F4}.Debug|Any CPU.Build.0 = Debug|Any CPU
		{D6F5C2CC-CC76-4B43-A155-9A71C61946F4}.Release|Any CPU.ActiveCfg = Release|Any CPU
		{D6F5C2CC-CC76-4B43-A155-9A71C61946F4}.Release|Any CPU.Build.0 = Release|Any CPU
	EndGlobalSection
	GlobalSection(SolutionProperties) = preSolution
		HideSolutionNode = FALSE
	EndGlobalSection
	GlobalSection(ExtensibilityGlobals) = postSolution
		SolutionGuid = {7E0EDB51-847B-4021-9922-A4039EA49E7D}
	EndGlobalSection
EndGlobal
